github.com/brianvoe/gofakeit v3.18.0+incompatible h1:wDOmHc9DLG4nRjUVVaxA+CEglKOW72Y5+4WNxUIkjM8=
github.com/brianvoe/gofakeit v3.18.0+incompatible/go.mod h1:kfwdRA90vvNhPutZWfH7WPaDzUjz+CZFqG+rPkOjGOc=
github.com/google/go-cmp v0.6.0 h1:ofyhxvXcZhMsU5ulbFiLKl/XBFqE1GSq7atu8tAmTRI=
github.com/google/go-cmp v0.6.0/go.mod h1:17dUlkBOakJ0+DkrSSNjCkIjxS6bF9zb3elmeNGIjoY=
github.com/google/uuid v1.3.0 h1:t6JiXgmwXMjEs8VusXIJk2BXHsn+wx8BZdTaoZ5fu7I=
github.com/google/uuid v1.3.0/go.mod h1:TIyPZe4MgqvfeYDBFedMoGGpEw/LqOeaOT+nhxU+yHo=
github.com/gorilla/mux v1.8.0 h1:i40aqfkR1h2SlN9hojwV5ZA91wcXFOvkdNIeFDP5koI=
github.com/gorilla/mux v1.8.0/go.mod h1:DVbg23sWSpFRCP0SfiEN6jmj59UnW/n46BH5rLB71So=
github.com/mus-format/common-go v0.0.0-20240427160332-fda7f59c1da2 h1:VlQlK11OtURHQ1VsdHcp9OFq56i8HEIHURgfEtP9Jek=
github.com/mus-format/common-go v0.0.0-20240427160332-fda7f59c1da2/go.mod h1:1hTb8w0YdSGIOU6wNY+e9uXnDZ9OQnUivNtd8cPSdoU=
github.com/mus-format/mus-dts-go v0.3.0 h1:s4Y/EyB1kcRsy+KGLgDcOuAmf5cWfjOH2uDK8a5c8i4=
github.com/mus-format/mus-dts-go v0.3.0/go.mod h1:g2nfXM1v8h5WUqPivXv2zUYKsyVjFNQOCtukY7Z4Wz8=
github.com/mus-format/mus-dvs-go v0.3.0 h1:gjBeFVMIE7IGccIRqNk59iJG9iU+wIbrAHJtMU9LtHg=
github.com/mus-format/mus-dvs-go v0.3.0/go.mod h1:zFOpmx9uvjChF0DAFtS46khG3Dk8zzX64d0i0APwNfY=
github.com/mus-format/mus-go v0.3.0 h1:OUBb/uWaaVPVpmyOo+DUVdjw5dkxQ1TCG3HO8q/Gyq8=
github.com/mus-format/mus-go v0.3.0/go.mod h1:uRQAo0t2WbvKZ9Iz5wdZV4s5eq1LsTS9dSizQeV9s+M=
github.com/ymz-ncnk/assert v0.0.0-20230825183847-259f293c18a7 h1:KxnuFzaSKuhRUv/ZOPQ5uJlzDBoLJJba+vJ/3pbU6gg=
github.com/ymz-ncnk/assert v0.0.0-20230825183847-259f293c18a7/go.mod h1:+lSOTrCyOPuvc0xuvK4uKhgQ0Ar3U/HJPpJZg73kvgE=
github.com/ymz-ncnk/mok v0.2.0 h1:4xOvkG0EXDlr05ZTSeRzM2q5mbyNbALRqRoI+cTwUyc=
github.com/ymz-ncnk/mok v0.2.0/go.mod h1:VDVVGULp0vdJeD27SgJghOFGyD7w3nX7SDh8TOlvIsY=
golang.org/x/exp v0.0.0-20230425010034-47ecfdc1ba53 h1:5llv2sWeaMSnA3w2kS57ouQQ4pudlXrR0dCgw51QK9o=
golang.org/x/exp v0.0.0-20230425010034-47ecfdc1ba53/go.mod h1:V1LtkGg67GoY2N1AnLN78QLrzxkLyJw7RJb1gzOOz9w=
google.golang.org/protobuf v1.34.2 h1:6xV6lTsCfpGD21XK49h7MhtcApnLqkfYgPcdHftf6hg=
google.golang.org/protobuf v1.34.2/go.mod h1:qYOHts0dSfpeUzUFpOMr/WGzszTmLH+DiWniOlNbLDw=
