github.com/brianvoe/gofakeit v3.18.0+incompatible h1:wDOmHc9DLG4nRjUVVaxA+CEglKOW72Y5+4WNxUIkjM8=
github.com/brianvoe/gofakeit v3.18.0+incompatible/go.mod h1:kfwdRA90vvNhPutZWfH7WPaDzUjz+CZFqG+rPkOjGOc=
github.com/google/go-cmp v0.6.0 h1:ofyhxvXcZhMsU5ulbFiLKl/XBFqE1GSq7atu8tAmTRI=
github.com/google/go-cmp v0.6.0/go.mod h1:17dUlkBOakJ0+DkrSSNjCkIjxS6bF9zb3elmeNGIjoY=
github.com/mus-format/common-go v0.0.0-20240704141923-ea7d12c7eed3 h1:lq6NjZLxX27LghMjyTAZvt3c7Hi82VbhSuyTw3iYIDU=
github.com/mus-format/common-go v0.0.0-20240704141923-ea7d12c7eed3/go.mod h1:1hTb8w0YdSGIOU6wNY+e9uXnDZ9OQnUivNtd8cPSdoU=
github.com/mus-format/mus-dts-go v0.5.0 h1:jexbYZ3QUcYvLmYVYkmlHT403/VPx1EL6mt+X4G1IH8=
github.com/mus-format/mus-dts-go v0.5.0/go.mod h1:RvN6Z8yy3x9LhG0AVyjDj6MLL1GEbEizKSOlyTelTas=
github.com/mus-format/mus-go v0.4.1 h1:16XN+hxKes4Tz/qPNeG5jztCniZXs575WHOD9LTB3LI=
github.com/mus-format/mus-go v0.4.1/go.mod h1:hs04lVPvkj2d0RC1k75yARNd3ZlVPpljAW64LwkgMJk=
github.com/ymz-ncnk/assert v0.0.0-20230825183847-259f293c18a7 h1:KxnuFzaSKuhRUv/ZOPQ5uJlzDBoLJJba+vJ/3pbU6gg=
github.com/ymz-ncnk/assert v0.0.0-20230825183847-259f293c18a7/go.mod h1:+lSOTrCyOPuvc0xuvK4uKhgQ0Ar3U/HJPpJZg73kvgE=
github.com/ymz-ncnk/mok v0.2.0 h1:4xOvkG0EXDlr05ZTSeRzM2q5mbyNbALRqRoI+cTwUyc=
github.com/ymz-ncnk/mok v0.2.0/go.mod h1:VDVVGULp0vdJeD27SgJghOFGyD7w3nX7SDh8TOlvIsY=
golang.org/x/exp v0.0.0-20230425010034-47ecfdc1ba53 h1:5llv2sWeaMSnA3w2kS57ouQQ4pudlXrR0dCgw51QK9o=
golang.org/x/exp v0.0.0-20230425010034-47ecfdc1ba53/go.mod h1:V1LtkGg67GoY2N1AnLN78QLrzxkLyJw7RJb1gzOOz9w=
google.golang.org/protobuf v1.34.2 h1:6xV6lTsCfpGD21XK49h7MhtcApnLqkfYgPcdHftf6hg=
google.golang.org/protobuf v1.34.2/go.mod h1:qYOHts0dSfpeUzUFpOMr/WGzszTmLH+DiWniOlNbLDw=
