github.com/google/uuid v1.3.0 h1:t6JiXgmwXMjEs8VusXIJk2BXHsn+wx8BZdTaoZ5fu7I=
github.com/google/uuid v1.3.0/go.mod h1:TIyPZe4MgqvfeYDBFedMoGGpEw/LqOeaOT+nhxU+yHo=
github.com/gorilla/mux v1.8.0 h1:i40aqfkR1h2SlN9hojwV5ZA91wcXFOvkdNIeFDP5koI=
github.com/gorilla/mux v1.8.0/go.mod h1:DVbg23sWSpFRCP0SfiEN6jmj59UnW/n46BH5rLB71So=
github.com/mus-format/common-go v0.0.0-20240427160332-fda7f59c1da2 h1:VlQlK11OtURHQ1VsdHcp9OFq56i8HEIHURgfEtP9Jek=
github.com/mus-format/common-go v0.0.0-20240427160332-fda7f59c1da2/go.mod h1:1hTb8w0YdSGIOU6wNY+e9uXnDZ9OQnUivNtd8cPSdoU=
github.com/mus-format/mus-dts-go v0.1.1 h1:i/UG9k88dU5CfBLJkkedckOuiTrDPhBqkSQa12t+oYY=
github.com/mus-format/mus-dts-go v0.1.1/go.mod h1:d2V2iX3ZB1wZMRb/8rw1w8KkJiyvoPm/R5wWJQzVTZk=
github.com/mus-format/mus-dvs-go v0.1.1 h1:5kRu5OAM+oYcBY0Y7v2hIVQYoBqSlck7u5Io8aZvKSU=
github.com/mus-format/mus-dvs-go v0.1.1/go.mod h1:n4OxewfuATK2DlVrvY41frN/+uw4Lru6FthaoW1a2Z4=
github.com/mus-format/mus-go v0.2.2 h1:C4t3QZ0iir2oV4WS1aCSCouhaj0O/0jc0l+U/K5ogWA=
github.com/mus-format/mus-go v0.2.2/go.mod h1:uRQAo0t2WbvKZ9Iz5wdZV4s5eq1LsTS9dSizQeV9s+M=
github.com/ymz-ncnk/assert v0.0.0-20230825183847-259f293c18a7 h1:KxnuFzaSKuhRUv/ZOPQ5uJlzDBoLJJba+vJ/3pbU6gg=
github.com/ymz-ncnk/assert v0.0.0-20230825183847-259f293c18a7/go.mod h1:+lSOTrCyOPuvc0xuvK4uKhgQ0Ar3U/HJPpJZg73kvgE=
github.com/ymz-ncnk/mok v0.2.0 h1:4xOvkG0EXDlr05ZTSeRzM2q5mbyNbALRqRoI+cTwUyc=
golang.org/x/exp v0.0.0-20230425010034-47ecfdc1ba53 h1:5llv2sWeaMSnA3w2kS57ouQQ4pudlXrR0dCgw51QK9o=
golang.org/x/exp v0.0.0-20230425010034-47ecfdc1ba53/go.mod h1:V1LtkGg67GoY2N1AnLN78QLrzxkLyJw7RJb1gzOOz9w=
